
Microsoft Visual Studio Solution File, Format Version 12.00
# Visual Studio Version 17
VisualStudioVersion = 17.14.36221.1 d17.14
MinimumVisualStudioVersion = 10.0.40219.1
Project("{FAE04EC0-301F-11D3-BF4B-00C04F79EFBC}") = "LMSAppFor BincomIntermediate", "LMSAppFor BincomIntermediate\LMSAppFor BincomIntermediate.csproj", "{5AFFB800-C89A-44FC-A51C-7707BE0F3035}"
EndProject
Global
	GlobalSection(SolutionConfigurationPlatforms) = preSolution
		Debug|Any CPU = Debug|Any CPU
		Release|Any CPU = Release|Any CPU
	EndGlobalSection
	GlobalSection(ProjectConfigurationPlatforms) = postSolution
		{5AFFB800-C89A-44FC-A51C-7707BE0F3035}.Debug|Any CPU.ActiveCfg = Debug|Any CPU
		{5AFFB800-C89A-44FC-A51C-7707BE0F3035}.Debug|Any CPU.Build.0 = Debug|Any CPU
		{5AFFB800-C89A-44FC-A51C-7707BE0F3035}.Release|Any CPU.ActiveCfg = Release|Any CPU
		{5AFFB800-C89A-44FC-A51C-7707BE0F3035}.Release|Any CPU.Build.0 = Release|Any CPU
	EndGlobalSection
	GlobalSection(SolutionProperties) = preSolution
		HideSolutionNode = FALSE
	EndGlobalSection
	GlobalSection(ExtensibilityGlobals) = postSolution
		SolutionGuid = {D90BBD99-19E6-4FE9-ACFC-A68772A4FA58}
	EndGlobalSection
EndGlobal
